
Microsoft Visual Studio Solution File, Format Version 12.00
# Visual Studio Version 16
VisualStudioVersion = 16.0.29926.136
MinimumVisualStudioVersion = 10.0.40219.1
Project("{FAE04EC0-301F-11D3-BF4B-00C04F79EFBC}") = "SampleGithub", "SampleGithub.csproj", "{D93728FF-3BB1-4AF5-95F3-0289AB951F71}"
EndProject
Global
	GlobalSection(SolutionConfigurationPlatforms) = preSolution
		Debug|Any CPU = Debug|Any CPU
		Release|Any CPU = Release|Any CPU
	EndGlobalSection
	GlobalSection(ProjectConfigurationPlatforms) = postSolution
		{D93728FF-3BB1-4AF5-95F3-0289AB951F71}.Debug|Any CPU.ActiveCfg = Debug|Any CPU
		{D93728FF-3BB1-4AF5-95F3-0289AB951F71}.Debug|Any CPU.Build.0 = Debug|Any CPU
		{D93728FF-3BB1-4AF5-95F3-0289AB951F71}.Release|Any CPU.ActiveCfg = Release|Any CPU
		{D93728FF-3BB1-4AF5-95F3-0289AB951F71}.Release|Any CPU.Build.0 = Release|Any CPU
	EndGlobalSection
	GlobalSection(SolutionProperties) = preSolution
		HideSolutionNode = FALSE
	EndGlobalSection
	GlobalSection(ExtensibilityGlobals) = postSolution
		SolutionGuid = {1629100E-E3DD-4118-B39C-01F2670508C7}
	EndGlobalSection
EndGlobal
